
Microsoft Visual Studio Solution File, Format Version 12.00
# Visual Studio Version 16
VisualStudioVersion = 16.0.31515.178
MinimumVisualStudioVersion = 10.0.40219.1
Project("{FAE04EC0-301F-11D3-BF4B-00C04F79EFBC}") = "OOPsConcepts", "OOPsConcepts\OOPsConcepts.csproj", "{AB2F3325-7442-47C7-91EC-42D6407D2EB6}"
EndProject
Global
	GlobalSection(SolutionConfigurationPlatforms) = preSolution
		Debug|Any CPU = Debug|Any CPU
		Release|Any CPU = Release|Any CPU
	EndGlobalSection
	GlobalSection(ProjectConfigurationPlatforms) = postSolution
		{AB2F3325-7442-47C7-91EC-42D6407D2EB6}.Debug|Any CPU.ActiveCfg = Debug|Any CPU
		{AB2F3325-7442-47C7-91EC-42D6407D2EB6}.Debug|Any CPU.Build.0 = Debug|Any CPU
		{AB2F3325-7442-47C7-91EC-42D6407D2EB6}.Release|Any CPU.ActiveCfg = Release|Any CPU
		{AB2F3325-7442-47C7-91EC-42D6407D2EB6}.Release|Any CPU.Build.0 = Release|Any CPU
	EndGlobalSection
	GlobalSection(SolutionProperties) = preSolution
		HideSolutionNode = FALSE
	EndGlobalSection
	GlobalSection(ExtensibilityGlobals) = postSolution
		SolutionGuid = {A0C2F6B4-31A8-409E-AD68-6A56BF0A958B}
	EndGlobalSection
EndGlobal
